{
  "version": 4,
  "terraform_version": "1.9.5",
  "serial": 1,
  "lineage": "b3bc1e21-6e89-cd66-17f8-ecba396582eb",
  "outputs": {},
  "resources": [
    {
      "mode": "managed",
      "type": "github_repository",
      "name": "github_repo",
      "provider": "provider[\"registry.terraform.io/integrations/github\"]",
      "instances": [
        {
          "schema_version": 1,
          "attributes": {
            "allow_auto_merge": false,
            "allow_merge_commit": true,
            "allow_rebase_merge": true,
            "allow_squash_merge": true,
            "allow_update_branch": false,
            "archive_on_destroy": null,
            "archived": false,
            "auto_init": null,
            "default_branch": "main",
            "delete_branch_on_merge": false,
            "description": "Create github repo using Terraform",
            "etag": "W/\"7b3a6b69206b2b383cbcb14eceb46e217a60f5a2d4a623a5644c36c0dee70a15\"",
            "full_name": "Impan-TS/Github_Repository",
            "git_clone_url": "git://github.com/Impan-TS/Github_Repository.git",
            "gitignore_template": null,
            "has_discussions": false,
            "has_downloads": false,
            "has_issues": false,
            "has_projects": false,
            "has_wiki": false,
            "homepage_url": "",
            "html_url": "https://github.com/Impan-TS/Github_Repository",
            "http_clone_url": "https://github.com/Impan-TS/Github_Repository.git",
            "id": "Github_Repository",
            "ignore_vulnerability_alerts_during_read": null,
            "is_template": false,
            "license_template": null,
            "merge_commit_message": "PR_TITLE",
            "merge_commit_title": "MERGE_MESSAGE",
            "name": "Github_Repository",
            "node_id": "R_kgDONAL6jQ",
            "pages": [],
            "primary_language": "",
            "private": false,
            "repo_id": 872610445,
            "security_and_analysis": [
              {
                "advanced_security": [],
                "secret_scanning": [
                  {
                    "status": "enabled"
                  }
                ],
                "secret_scanning_push_protection": [
                  {
                    "status": "enabled"
                  }
                ]
              }
            ],
            "squash_merge_commit_message": "COMMIT_MESSAGES",
            "squash_merge_commit_title": "COMMIT_OR_PR_TITLE",
            "ssh_clone_url": "git@github.com:Impan-TS/Github_Repository.git",
            "svn_url": "https://github.com/Impan-TS/Github_Repository",
            "template": [],
            "topics": [],
            "visibility": "public",
            "vulnerability_alerts": false,
            "web_commit_signoff_required": false
          },
          "sensitive_attributes": [],
          "private": "eyJzY2hlbWFfdmVyc2lvbiI6IjEifQ=="
        }
      ]
    }
  ],
  "check_results": null
}
